
Microsoft Visual Studio Solution File, Format Version 12.00
# Visual Studio Version 17
VisualStudioVersion = 17.11.35303.130
MinimumVisualStudioVersion = 10.0.40219.1
Project("{2150E333-8FDC-42A3-9474-1A3956D46DE8}") = "Task0", "Task0", "{A2215535-9830-4B26-BD26-5F56F64935AB}"
EndProject
Project("{9A19103F-16F7-4668-BE54-9A1E7A4F7556}") = "Tyuiu.PopovaAA.Sprint1.Task0.V22", "Tyuiu.PopovaAA.Sprint1.Task0.V22\Tyuiu.PopovaAA.Sprint1.Task0.V22.csproj", "{4F2196C0-9FA8-49BD-8F2D-5F56C3A6BE46}"
EndProject
Project("{9A19103F-16F7-4668-BE54-9A1E7A4F7556}") = "Tyuiu.PopovaAA.Sprint1.Task0.V22.Lib", "Tyuiu.PopovaAA.Sprint1.Task0.V22.Lib\Tyuiu.PopovaAA.Sprint1.Task0.V22.Lib.csproj", "{0260442D-BB04-49B6-9BC2-3A5913A4D0DB}"
EndProject
Project("{9A19103F-16F7-4668-BE54-9A1E7A4F7556}") = "Tyuiu.PopovaAA.Sprint1.Task0.V22.Test", "Tyuiu.PopovaAA.Sprint1.Task0.V22.Test\Tyuiu.PopovaAA.Sprint1.Task0.V22.Test.csproj", "{016B7996-B0C0-4D86-BE53-3629EC02863E}"
EndProject
Project("{2150E333-8FDC-42A3-9474-1A3956D46DE8}") = "Task1", "Task1", "{6362E941-CEED-4F8C-B3C6-8D6E3D82A4E3}"
EndProject
Project("{9A19103F-16F7-4668-BE54-9A1E7A4F7556}") = "Tyuiu.PopovaAA.Sprint1.Task1.V24", "Tyuiu.PopovaAA.Sprint1.Task1.V24\Tyuiu.PopovaAA.Sprint1.Task1.V24.csproj", "{F54495C2-8DC9-48B8-A105-252934E6A5F3}"
EndProject
Project("{9A19103F-16F7-4668-BE54-9A1E7A4F7556}") = "Tyuiu.PopovaAA.Sprint1.Task1.V24.Lib", "Tyuiu.PopovaAA.Sprint1.Task1.V24.Lib\Tyuiu.PopovaAA.Sprint1.Task1.V24.Lib.csproj", "{CE00C2B0-1D8C-4427-8F34-4F5F9DB3D9C3}"
EndProject
Project("{9A19103F-16F7-4668-BE54-9A1E7A4F7556}") = "Tyuiu.PopovaAA.Sprint1.Task1.V24.Test", "Tyuiu.PopovaAA.Sprint1.Task1.V24.Test\Tyuiu.PopovaAA.Sprint1.Task1.V24.Test.csproj", "{B735CF2E-CA1B-4B9E-BB2F-646931CB1E60}"
EndProject
Project("{2150E333-8FDC-42A3-9474-1A3956D46DE8}") = "Task2", "Task2", "{18D92E08-13B3-42B7-A720-C091FC1D1B99}"
EndProject
Project("{9A19103F-16F7-4668-BE54-9A1E7A4F7556}") = "Tyuiu.PopovaAA.Sprint1.Task2.V4", "Tyuiu.PopovaAA.Sprint1.Task2.V4\Tyuiu.PopovaAA.Sprint1.Task2.V4.csproj", "{9F5CE5A2-4243-442A-AD90-43BC097A9F1F}"
EndProject
Project("{9A19103F-16F7-4668-BE54-9A1E7A4F7556}") = "Tyuiu.PopovaAA.Sprint1.Task2.V4.Lib", "Tyuiu.PopovaAA.Sprint1.Task2.V4.Lib\Tyuiu.PopovaAA.Sprint1.Task2.V4.Lib.csproj", "{FC869D47-B885-40BE-B387-CE42F6A793E4}"
EndProject
Project("{9A19103F-16F7-4668-BE54-9A1E7A4F7556}") = "Tyuiu.PopovaAA.Sprint1.Task2.V4.Test", "Tyuiu.PopovaAA.Sprint1.Task2.V4.Test\Tyuiu.PopovaAA.Sprint1.Task2.V4.Test.csproj", "{F932FE29-CF8F-43E6-9153-1F4B02EBD10E}"
EndProject
Project("{2150E333-8FDC-42A3-9474-1A3956D46DE8}") = "Task3", "Task3", "{8D016F0E-4EF1-4B03-A4DF-263F47AD37C5}"
EndProject
Project("{9A19103F-16F7-4668-BE54-9A1E7A4F7556}") = "Tyuiu.PopovaAA.Sprint1.Task3.V9", "Tyuiu.PopovaAA.Sprint1.Task3.V9\Tyuiu.PopovaAA.Sprint1.Task3.V9.csproj", "{1D0B7E00-6613-411E-99E4-05A7402DBE90}"
EndProject
Project("{9A19103F-16F7-4668-BE54-9A1E7A4F7556}") = "Tyuiu.PopovaAA.Sprint1.Task3.V9.Lib", "Tyuiu.PopovaAA.Sprint1.Task3.V9.Lib\Tyuiu.PopovaAA.Sprint1.Task3.V9.Lib.csproj", "{A2754FC4-744E-4FDC-A7D9-0D9B9A60D502}"
EndProject
Project("{9A19103F-16F7-4668-BE54-9A1E7A4F7556}") = "Tyuiu.PopovaAA.Sprint1.Task3.V9.Test", "Tyuiu.PopovaAA.Sprint1.Task3.V9.Test\Tyuiu.PopovaAA.Sprint1.Task3.V9.Test.csproj", "{1C81C8FE-5057-43D6-994B-08E9BD1F27B6}"
EndProject
Project("{2150E333-8FDC-42A3-9474-1A3956D46DE8}") = "Task4", "Task4", "{DC1AD6F6-FBB3-4054-98CE-5F7842B795DE}"
EndProject
Project("{9A19103F-16F7-4668-BE54-9A1E7A4F7556}") = "Tyuiu.PopovaAA.Sprint1.Task4.V4", "Tyuiu.PopovaAA.Sprint1.Task4.V4\Tyuiu.PopovaAA.Sprint1.Task4.V4.csproj", "{469BC7DF-A2E7-4147-9C20-3752548B5E25}"
EndProject
Project("{9A19103F-16F7-4668-BE54-9A1E7A4F7556}") = "Tyuiu.PopovaAA.Sprint1.Task4.V4.Lib", "Tyuiu.PopovaAA.Sprint1.Task4.V4.Lib\Tyuiu.PopovaAA.Sprint1.Task4.V4.Lib.csproj", "{A3295EA2-ACE5-4055-AA73-1864DD064773}"
EndProject
Project("{9A19103F-16F7-4668-BE54-9A1E7A4F7556}") = "Tyuiu.PopovaAA.Sprint1.Task4.V4.Test", "Tyuiu.PopovaAA.Sprint1.Task4.V4.Test\Tyuiu.PopovaAA.Sprint1.Task4.V4.Test.csproj", "{760D63AF-7652-455C-9FE1-EEEAFA4081A5}"
EndProject
Project("{2150E333-8FDC-42A3-9474-1A3956D46DE8}") = "Task5", "Task5", "{92DB0854-511F-4EAE-8833-E3539FB05E81}"
EndProject
Project("{9A19103F-16F7-4668-BE54-9A1E7A4F7556}") = "Tyuiu.PopovaAA.Sprint1.Task5.V5", "Tyuiu.PopovaAA.Sprint1.Task5.V5\Tyuiu.PopovaAA.Sprint1.Task5.V5.csproj", "{FD7C48B8-FB2F-442D-97F1-01109686F601}"
EndProject
Project("{9A19103F-16F7-4668-BE54-9A1E7A4F7556}") = "Tyuiu.PopovaAA.Sprint1.Task5.V5.Lib", "Tyuiu.PopovaAA.Sprint1.Task5.V5.Lib\Tyuiu.PopovaAA.Sprint1.Task5.V5.Lib.csproj", "{29F61E6B-81DD-46F2-AC4B-088C62F16D38}"
EndProject
Project("{9A19103F-16F7-4668-BE54-9A1E7A4F7556}") = "Tyuiu.PopovaAA.Sprint1.Task5.V5.Test", "Tyuiu.PopovaAA.Sprint1.Task5.V5.Test\Tyuiu.PopovaAA.Sprint1.Task5.V5.Test.csproj", "{B3626DDB-0AFC-4A4C-8D1F-CCD01C307E1B}"
EndProject
Project("{2150E333-8FDC-42A3-9474-1A3956D46DE8}") = "Task7", "Task7", "{2BDEABAD-83B9-4515-AFE6-6221280A6C04}"
EndProject
Project("{9A19103F-16F7-4668-BE54-9A1E7A4F7556}") = "Tyuiu.PopovaAA.Sprint1.Task7.V11", "Tyuiu.PopovaAA.Sprint1.Task7.V11\Tyuiu.PopovaAA.Sprint1.Task7.V11.csproj", "{0CF71EA2-75F8-47CC-B5B7-E4C0D462E3F1}"
EndProject
Project("{9A19103F-16F7-4668-BE54-9A1E7A4F7556}") = "Tyuiu.PopovaAA.Sprint1.Task7.V11.Lib", "Tyuiu.PopovaAA.Sprint1.Task7.V11.Lib\Tyuiu.PopovaAA.Sprint1.Task7.V11.Lib.csproj", "{F2137015-531E-4C37-91BF-0DF4B70FC2BB}"
EndProject
Project("{9A19103F-16F7-4668-BE54-9A1E7A4F7556}") = "Tyuiu.PopovaAA.Sprint1.Task7.V11.Test", "Tyuiu.PopovaAA.Sprint1.Task7.V11.Test\Tyuiu.PopovaAA.Sprint1.Task7.V11.Test.csproj", "{10373FD9-4093-4CDE-A12E-FAA46386C52D}"
EndProject
Global
	GlobalSection(SolutionConfigurationPlatforms) = preSolution
		Debug|Any CPU = Debug|Any CPU
		Release|Any CPU = Release|Any CPU
	EndGlobalSection
	GlobalSection(ProjectConfigurationPlatforms) = postSolution
		{4F2196C0-9FA8-49BD-8F2D-5F56C3A6BE46}.Debug|Any CPU.ActiveCfg = Debug|Any CPU
		{4F2196C0-9FA8-49BD-8F2D-5F56C3A6BE46}.Debug|Any CPU.Build.0 = Debug|Any CPU
		{4F2196C0-9FA8-49BD-8F2D-5F56C3A6BE46}.Release|Any CPU.ActiveCfg = Release|Any CPU
		{4F2196C0-9FA8-49BD-8F2D-5F56C3A6BE46}.Release|Any CPU.Build.0 = Release|Any CPU
		{0260442D-BB04-49B6-9BC2-3A5913A4D0DB}.Debug|Any CPU.ActiveCfg = Debug|Any CPU
		{0260442D-BB04-49B6-9BC2-3A5913A4D0DB}.Debug|Any CPU.Build.0 = Debug|Any CPU
		{0260442D-BB04-49B6-9BC2-3A5913A4D0DB}.Release|Any CPU.ActiveCfg = Release|Any CPU
		{0260442D-BB04-49B6-9BC2-3A5913A4D0DB}.Release|Any CPU.Build.0 = Release|Any CPU
		{016B7996-B0C0-4D86-BE53-3629EC02863E}.Debug|Any CPU.ActiveCfg = Debug|Any CPU
		{016B7996-B0C0-4D86-BE53-3629EC02863E}.Debug|Any CPU.Build.0 = Debug|Any CPU
		{016B7996-B0C0-4D86-BE53-3629EC02863E}.Release|Any CPU.ActiveCfg = Release|Any CPU
		{016B7996-B0C0-4D86-BE53-3629EC02863E}.Release|Any CPU.Build.0 = Release|Any CPU
		{F54495C2-8DC9-48B8-A105-252934E6A5F3}.Debug|Any CPU.ActiveCfg = Debug|Any CPU
		{F54495C2-8DC9-48B8-A105-252934E6A5F3}.Debug|Any CPU.Build.0 = Debug|Any CPU
		{F54495C2-8DC9-48B8-A105-252934E6A5F3}.Release|Any CPU.ActiveCfg = Release|Any CPU
		{F54495C2-8DC9-48B8-A105-252934E6A5F3}.Release|Any CPU.Build.0 = Release|Any CPU
		{CE00C2B0-1D8C-4427-8F34-4F5F9DB3D9C3}.Debug|Any CPU.ActiveCfg = Debug|Any CPU
		{CE00C2B0-1D8C-4427-8F34-4F5F9DB3D9C3}.Debug|Any CPU.Build.0 = Debug|Any CPU
		{CE00C2B0-1D8C-4427-8F34-4F5F9DB3D9C3}.Release|Any CPU.ActiveCfg = Release|Any CPU
		{CE00C2B0-1D8C-4427-8F34-4F5F9DB3D9C3}.Release|Any CPU.Build.0 = Release|Any CPU
		{B735CF2E-CA1B-4B9E-BB2F-646931CB1E60}.Debug|Any CPU.ActiveCfg = Debug|Any CPU
		{B735CF2E-CA1B-4B9E-BB2F-646931CB1E60}.Debug|Any CPU.Build.0 = Debug|Any CPU
		{B735CF2E-CA1B-4B9E-BB2F-646931CB1E60}.Release|Any CPU.ActiveCfg = Release|Any CPU
		{B735CF2E-CA1B-4B9E-BB2F-646931CB1E60}.Release|Any CPU.Build.0 = Release|Any CPU
		{9F5CE5A2-4243-442A-AD90-43BC097A9F1F}.Debug|Any CPU.ActiveCfg = Debug|Any CPU
		{9F5CE5A2-4243-442A-AD90-43BC097A9F1F}.Debug|Any CPU.Build.0 = Debug|Any CPU
		{9F5CE5A2-4243-442A-AD90-43BC097A9F1F}.Release|Any CPU.ActiveCfg = Release|Any CPU
		{9F5CE5A2-4243-442A-AD90-43BC097A9F1F}.Release|Any CPU.Build.0 = Release|Any CPU
		{FC869D47-B885-40BE-B387-CE42F6A793E4}.Debug|Any CPU.ActiveCfg = Debug|Any CPU
		{FC869D47-B885-40BE-B387-CE42F6A793E4}.Debug|Any CPU.Build.0 = Debug|Any CPU
		{FC869D47-B885-40BE-B387-CE42F6A793E4}.Release|Any CPU.ActiveCfg = Release|Any CPU
		{FC869D47-B885-40BE-B387-CE42F6A793E4}.Release|Any CPU.Build.0 = Release|Any CPU
		{F932FE29-CF8F-43E6-9153-1F4B02EBD10E}.Debug|Any CPU.ActiveCfg = Debug|Any CPU
		{F932FE29-CF8F-43E6-9153-1F4B02EBD10E}.Debug|Any CPU.Build.0 = Debug|Any CPU
		{F932FE29-CF8F-43E6-9153-1F4B02EBD10E}.Release|Any CPU.ActiveCfg = Release|Any CPU
		{F932FE29-CF8F-43E6-9153-1F4B02EBD10E}.Release|Any CPU.Build.0 = Release|Any CPU
		{1D0B7E00-6613-411E-99E4-05A7402DBE90}.Debug|Any CPU.ActiveCfg = Debug|Any CPU
		{1D0B7E00-6613-411E-99E4-05A7402DBE90}.Debug|Any CPU.Build.0 = Debug|Any CPU
		{1D0B7E00-6613-411E-99E4-05A7402DBE90}.Release|Any CPU.ActiveCfg = Release|Any CPU
		{1D0B7E00-6613-411E-99E4-05A7402DBE90}.Release|Any CPU.Build.0 = Release|Any CPU
		{A2754FC4-744E-4FDC-A7D9-0D9B9A60D502}.Debug|Any CPU.ActiveCfg = Debug|Any CPU
		{A2754FC4-744E-4FDC-A7D9-0D9B9A60D502}.Debug|Any CPU.Build.0 = Debug|Any CPU
		{A2754FC4-744E-4FDC-A7D9-0D9B9A60D502}.Release|Any CPU.ActiveCfg = Release|Any CPU
		{A2754FC4-744E-4FDC-A7D9-0D9B9A60D502}.Release|Any CPU.Build.0 = Release|Any CPU
		{1C81C8FE-5057-43D6-994B-08E9BD1F27B6}.Debug|Any CPU.ActiveCfg = Debug|Any CPU
		{1C81C8FE-5057-43D6-994B-08E9BD1F27B6}.Debug|Any CPU.Build.0 = Debug|Any CPU
		{1C81C8FE-5057-43D6-994B-08E9BD1F27B6}.Release|Any CPU.ActiveCfg = Release|Any CPU
		{1C81C8FE-5057-43D6-994B-08E9BD1F27B6}.Release|Any CPU.Build.0 = Release|Any CPU
		{469BC7DF-A2E7-4147-9C20-3752548B5E25}.Debug|Any CPU.ActiveCfg = Debug|Any CPU
		{469BC7DF-A2E7-4147-9C20-3752548B5E25}.Debug|Any CPU.Build.0 = Debug|Any CPU
		{469BC7DF-A2E7-4147-9C20-3752548B5E25}.Release|Any CPU.ActiveCfg = Release|Any CPU
		{469BC7DF-A2E7-4147-9C20-3752548B5E25}.Release|Any CPU.Build.0 = Release|Any CPU
		{A3295EA2-ACE5-4055-AA73-1864DD064773}.Debug|Any CPU.ActiveCfg = Debug|Any CPU
		{A3295EA2-ACE5-4055-AA73-1864DD064773}.Debug|Any CPU.Build.0 = Debug|Any CPU
		{A3295EA2-ACE5-4055-AA73-1864DD064773}.Release|Any CPU.ActiveCfg = Release|Any CPU
		{A3295EA2-ACE5-4055-AA73-1864DD064773}.Release|Any CPU.Build.0 = Release|Any CPU
		{760D63AF-7652-455C-9FE1-EEEAFA4081A5}.Debug|Any CPU.ActiveCfg = Debug|Any CPU
		{760D63AF-7652-455C-9FE1-EEEAFA4081A5}.Debug|Any CPU.Build.0 = Debug|Any CPU
		{760D63AF-7652-455C-9FE1-EEEAFA4081A5}.Release|Any CPU.ActiveCfg = Release|Any CPU
		{760D63AF-7652-455C-9FE1-EEEAFA4081A5}.Release|Any CPU.Build.0 = Release|Any CPU
		{FD7C48B8-FB2F-442D-97F1-01109686F601}.Debug|Any CPU.ActiveCfg = Debug|Any CPU
		{FD7C48B8-FB2F-442D-97F1-01109686F601}.Debug|Any CPU.Build.0 = Debug|Any CPU
		{FD7C48B8-FB2F-442D-97F1-01109686F601}.Release|Any CPU.ActiveCfg = Release|Any CPU
		{FD7C48B8-FB2F-442D-97F1-01109686F601}.Release|Any CPU.Build.0 = Release|Any CPU
		{29F61E6B-81DD-46F2-AC4B-088C62F16D38}.Debug|Any CPU.ActiveCfg = Debug|Any CPU
		{29F61E6B-81DD-46F2-AC4B-088C62F16D38}.Debug|Any CPU.Build.0 = Debug|Any CPU
		{29F61E6B-81DD-46F2-AC4B-088C62F16D38}.Release|Any CPU.ActiveCfg = Release|Any CPU
		{29F61E6B-81DD-46F2-AC4B-088C62F16D38}.Release|Any CPU.Build.0 = Release|Any CPU
		{B3626DDB-0AFC-4A4C-8D1F-CCD01C307E1B}.Debug|Any CPU.ActiveCfg = Debug|Any CPU
		{B3626DDB-0AFC-4A4C-8D1F-CCD01C307E1B}.Debug|Any CPU.Build.0 = Debug|Any CPU
		{B3626DDB-0AFC-4A4C-8D1F-CCD01C307E1B}.Release|Any CPU.ActiveCfg = Release|Any CPU
		{B3626DDB-0AFC-4A4C-8D1F-CCD01C307E1B}.Release|Any CPU.Build.0 = Release|Any CPU
		{0CF71EA2-75F8-47CC-B5B7-E4C0D462E3F1}.Debug|Any CPU.ActiveCfg = Debug|Any CPU
		{0CF71EA2-75F8-47CC-B5B7-E4C0D462E3F1}.Debug|Any CPU.Build.0 = Debug|Any CPU
		{0CF71EA2-75F8-47CC-B5B7-E4C0D462E3F1}.Release|Any CPU.ActiveCfg = Release|Any CPU
		{0CF71EA2-75F8-47CC-B5B7-E4C0D462E3F1}.Release|Any CPU.Build.0 = Release|Any CPU
		{F2137015-531E-4C37-91BF-0DF4B70FC2BB}.Debug|Any CPU.ActiveCfg = Debug|Any CPU
		{F2137015-531E-4C37-91BF-0DF4B70FC2BB}.Debug|Any CPU.Build.0 = Debug|Any CPU
		{F2137015-531E-4C37-91BF-0DF4B70FC2BB}.Release|Any CPU.ActiveCfg = Release|Any CPU
		{F2137015-531E-4C37-91BF-0DF4B70FC2BB}.Release|Any CPU.Build.0 = Release|Any CPU
		{10373FD9-4093-4CDE-A12E-FAA46386C52D}.Debug|Any CPU.ActiveCfg = Debug|Any CPU
		{10373FD9-4093-4CDE-A12E-FAA46386C52D}.Debug|Any CPU.Build.0 = Debug|Any CPU
		{10373FD9-4093-4CDE-A12E-FAA46386C52D}.Release|Any CPU.ActiveCfg = Release|Any CPU
		{10373FD9-4093-4CDE-A12E-FAA46386C52D}.Release|Any CPU.Build.0 = Release|Any CPU
	EndGlobalSection
	GlobalSection(SolutionProperties) = preSolution
		HideSolutionNode = FALSE
	EndGlobalSection
	GlobalSection(NestedProjects) = preSolution
		{4F2196C0-9FA8-49BD-8F2D-5F56C3A6BE46} = {A2215535-9830-4B26-BD26-5F56F64935AB}
		{0260442D-BB04-49B6-9BC2-3A5913A4D0DB} = {A2215535-9830-4B26-BD26-5F56F64935AB}
		{016B7996-B0C0-4D86-BE53-3629EC02863E} = {A2215535-9830-4B26-BD26-5F56F64935AB}
		{F54495C2-8DC9-48B8-A105-252934E6A5F3} = {6362E941-CEED-4F8C-B3C6-8D6E3D82A4E3}
		{CE00C2B0-1D8C-4427-8F34-4F5F9DB3D9C3} = {6362E941-CEED-4F8C-B3C6-8D6E3D82A4E3}
		{B735CF2E-CA1B-4B9E-BB2F-646931CB1E60} = {6362E941-CEED-4F8C-B3C6-8D6E3D82A4E3}
		{9F5CE5A2-4243-442A-AD90-43BC097A9F1F} = {18D92E08-13B3-42B7-A720-C091FC1D1B99}
		{FC869D47-B885-40BE-B387-CE42F6A793E4} = {18D92E08-13B3-42B7-A720-C091FC1D1B99}
		{F932FE29-CF8F-43E6-9153-1F4B02EBD10E} = {18D92E08-13B3-42B7-A720-C091FC1D1B99}
		{1D0B7E00-6613-411E-99E4-05A7402DBE90} = {8D016F0E-4EF1-4B03-A4DF-263F47AD37C5}
		{A2754FC4-744E-4FDC-A7D9-0D9B9A60D502} = {8D016F0E-4EF1-4B03-A4DF-263F47AD37C5}
		{1C81C8FE-5057-43D6-994B-08E9BD1F27B6} = {8D016F0E-4EF1-4B03-A4DF-263F47AD37C5}
		{469BC7DF-A2E7-4147-9C20-3752548B5E25} = {DC1AD6F6-FBB3-4054-98CE-5F7842B795DE}
		{A3295EA2-ACE5-4055-AA73-1864DD064773} = {DC1AD6F6-FBB3-4054-98CE-5F7842B795DE}
		{760D63AF-7652-455C-9FE1-EEEAFA4081A5} = {DC1AD6F6-FBB3-4054-98CE-5F7842B795DE}
		{FD7C48B8-FB2F-442D-97F1-01109686F601} = {92DB0854-511F-4EAE-8833-E3539FB05E81}
		{29F61E6B-81DD-46F2-AC4B-088C62F16D38} = {92DB0854-511F-4EAE-8833-E3539FB05E81}
		{B3626DDB-0AFC-4A4C-8D1F-CCD01C307E1B} = {92DB0854-511F-4EAE-8833-E3539FB05E81}
		{0CF71EA2-75F8-47CC-B5B7-E4C0D462E3F1} = {2BDEABAD-83B9-4515-AFE6-6221280A6C04}
		{F2137015-531E-4C37-91BF-0DF4B70FC2BB} = {2BDEABAD-83B9-4515-AFE6-6221280A6C04}
		{10373FD9-4093-4CDE-A12E-FAA46386C52D} = {2BDEABAD-83B9-4515-AFE6-6221280A6C04}
	EndGlobalSection
	GlobalSection(ExtensibilityGlobals) = postSolution
		SolutionGuid = {26C1739B-F049-404C-B749-15B54C82D195}
	EndGlobalSection
EndGlobal
